
Microsoft Visual Studio Solution File, Format Version 12.00
# Visual Studio Version 17
VisualStudioVersion = 17.2.32616.157
MinimumVisualStudioVersion = 10.0.40219.1
Project("{9A19103F-16F7-4668-BE54-9A1E7A4F7556}") = "quiz10", "quiz10\quiz10.csproj", "{725DFAE5-5BF8-4385-92BF-FABA83CF0F6F}"
EndProject
Project("{9A19103F-16F7-4668-BE54-9A1E7A4F7556}") = "quiz11", "quiz11\quiz11.csproj", "{73E01451-E04F-4681-B0E8-F258D7DE6D70}"
EndProject
Project("{9A19103F-16F7-4668-BE54-9A1E7A4F7556}") = "quiz08", "quiz08\quiz08.csproj", "{23D2EC99-86B9-43FE-9B6A-64B137C725F2}"
EndProject
Project("{9A19103F-16F7-4668-BE54-9A1E7A4F7556}") = "quiz09", "quiz09\quiz09.csproj", "{3629FF72-CB40-4DFF-8851-6ECE81DE405C}"
EndProject
Project("{9A19103F-16F7-4668-BE54-9A1E7A4F7556}") = "quiz01", "quiz01\quiz01.csproj", "{247A5AE7-7456-436F-8015-21B2A08FC1F6}"
EndProject
Project("{9A19103F-16F7-4668-BE54-9A1E7A4F7556}") = "quiz02", "quiz02\quiz02.csproj", "{45143E76-3251-47EF-89AC-BD98B33B7C9F}"
EndProject
Project("{9A19103F-16F7-4668-BE54-9A1E7A4F7556}") = "quiz03", "quiz03\quiz03.csproj", "{CE9794E0-58EA-44EF-A946-15B183F0F4B7}"
EndProject
Project("{9A19103F-16F7-4668-BE54-9A1E7A4F7556}") = "quiz04", "quiz04\quiz04.csproj", "{7549AE9C-C3B0-4FAA-B55F-1AD5622ABA17}"
EndProject
Project("{9A19103F-16F7-4668-BE54-9A1E7A4F7556}") = "quiz05", "quiz05\quiz05.csproj", "{BC781F9F-2CC5-4A6C-943D-09B9CC940B10}"
EndProject
Project("{9A19103F-16F7-4668-BE54-9A1E7A4F7556}") = "quiz06", "quiz06\quiz06.csproj", "{71440A6D-8EFB-4E06-B82E-224B82953AE3}"
EndProject
Project("{9A19103F-16F7-4668-BE54-9A1E7A4F7556}") = "quiz07", "quiz07\quiz07.csproj", "{5FD1B99A-3660-4E98-8C2B-C3CFD2EF59FA}"
EndProject
Global
	GlobalSection(SolutionConfigurationPlatforms) = preSolution
		Debug|Any CPU = Debug|Any CPU
		Release|Any CPU = Release|Any CPU
	EndGlobalSection
	GlobalSection(ProjectConfigurationPlatforms) = postSolution
		{725DFAE5-5BF8-4385-92BF-FABA83CF0F6F}.Debug|Any CPU.ActiveCfg = Debug|Any CPU
		{725DFAE5-5BF8-4385-92BF-FABA83CF0F6F}.Debug|Any CPU.Build.0 = Debug|Any CPU
		{725DFAE5-5BF8-4385-92BF-FABA83CF0F6F}.Release|Any CPU.ActiveCfg = Release|Any CPU
		{725DFAE5-5BF8-4385-92BF-FABA83CF0F6F}.Release|Any CPU.Build.0 = Release|Any CPU
		{73E01451-E04F-4681-B0E8-F258D7DE6D70}.Debug|Any CPU.ActiveCfg = Debug|Any CPU
		{73E01451-E04F-4681-B0E8-F258D7DE6D70}.Debug|Any CPU.Build.0 = Debug|Any CPU
		{73E01451-E04F-4681-B0E8-F258D7DE6D70}.Release|Any CPU.ActiveCfg = Release|Any CPU
		{73E01451-E04F-4681-B0E8-F258D7DE6D70}.Release|Any CPU.Build.0 = Release|Any CPU
		{23D2EC99-86B9-43FE-9B6A-64B137C725F2}.Debug|Any CPU.ActiveCfg = Debug|Any CPU
		{23D2EC99-86B9-43FE-9B6A-64B137C725F2}.Debug|Any CPU.Build.0 = Debug|Any CPU
		{23D2EC99-86B9-43FE-9B6A-64B137C725F2}.Release|Any CPU.ActiveCfg = Release|Any CPU
		{23D2EC99-86B9-43FE-9B6A-64B137C725F2}.Release|Any CPU.Build.0 = Release|Any CPU
		{3629FF72-CB40-4DFF-8851-6ECE81DE405C}.Debug|Any CPU.ActiveCfg = Debug|Any CPU
		{3629FF72-CB40-4DFF-8851-6ECE81DE405C}.Debug|Any CPU.Build.0 = Debug|Any CPU
		{3629FF72-CB40-4DFF-8851-6ECE81DE405C}.Release|Any CPU.ActiveCfg = Release|Any CPU
		{3629FF72-CB40-4DFF-8851-6ECE81DE405C}.Release|Any CPU.Build.0 = Release|Any CPU
		{247A5AE7-7456-436F-8015-21B2A08FC1F6}.Debug|Any CPU.ActiveCfg = Debug|Any CPU
		{247A5AE7-7456-436F-8015-21B2A08FC1F6}.Debug|Any CPU.Build.0 = Debug|Any CPU
		{247A5AE7-7456-436F-8015-21B2A08FC1F6}.Release|Any CPU.ActiveCfg = Release|Any CPU
		{247A5AE7-7456-436F-8015-21B2A08FC1F6}.Release|Any CPU.Build.0 = Release|Any CPU
		{45143E76-3251-47EF-89AC-BD98B33B7C9F}.Debug|Any CPU.ActiveCfg = Debug|Any CPU
		{45143E76-3251-47EF-89AC-BD98B33B7C9F}.Debug|Any CPU.Build.0 = Debug|Any CPU
		{45143E76-3251-47EF-89AC-BD98B33B7C9F}.Release|Any CPU.ActiveCfg = Release|Any CPU
		{45143E76-3251-47EF-89AC-BD98B33B7C9F}.Release|Any CPU.Build.0 = Release|Any CPU
		{CE9794E0-58EA-44EF-A946-15B183F0F4B7}.Debug|Any CPU.ActiveCfg = Debug|Any CPU
		{CE9794E0-58EA-44EF-A946-15B183F0F4B7}.Debug|Any CPU.Build.0 = Debug|Any CPU
		{CE9794E0-58EA-44EF-A946-15B183F0F4B7}.Release|Any CPU.ActiveCfg = Release|Any CPU
		{CE9794E0-58EA-44EF-A946-15B183F0F4B7}.Release|Any CPU.Build.0 = Release|Any CPU
		{7549AE9C-C3B0-4FAA-B55F-1AD5622ABA17}.Debug|Any CPU.ActiveCfg = Debug|Any CPU
		{7549AE9C-C3B0-4FAA-B55F-1AD5622ABA17}.Debug|Any CPU.Build.0 = Debug|Any CPU
		{7549AE9C-C3B0-4FAA-B55F-1AD5622ABA17}.Release|Any CPU.ActiveCfg = Release|Any CPU
		{7549AE9C-C3B0-4FAA-B55F-1AD5622ABA17}.Release|Any CPU.Build.0 = Release|Any CPU
		{BC781F9F-2CC5-4A6C-943D-09B9CC940B10}.Debug|Any CPU.ActiveCfg = Debug|Any CPU
		{BC781F9F-2CC5-4A6C-943D-09B9CC940B10}.Debug|Any CPU.Build.0 = Debug|Any CPU
		{BC781F9F-2CC5-4A6C-943D-09B9CC940B10}.Release|Any CPU.ActiveCfg = Release|Any CPU
		{BC781F9F-2CC5-4A6C-943D-09B9CC940B10}.Release|Any CPU.Build.0 = Release|Any CPU
		{71440A6D-8EFB-4E06-B82E-224B82953AE3}.Debug|Any CPU.ActiveCfg = Debug|Any CPU
		{71440A6D-8EFB-4E06-B82E-224B82953AE3}.Debug|Any CPU.Build.0 = Debug|Any CPU
		{71440A6D-8EFB-4E06-B82E-224B82953AE3}.Release|Any CPU.ActiveCfg = Release|Any CPU
		{71440A6D-8EFB-4E06-B82E-224B82953AE3}.Release|Any CPU.Build.0 = Release|Any CPU
		{5FD1B99A-3660-4E98-8C2B-C3CFD2EF59FA}.Debug|Any CPU.ActiveCfg = Debug|Any CPU
		{5FD1B99A-3660-4E98-8C2B-C3CFD2EF59FA}.Debug|Any CPU.Build.0 = Debug|Any CPU
		{5FD1B99A-3660-4E98-8C2B-C3CFD2EF59FA}.Release|Any CPU.ActiveCfg = Release|Any CPU
		{5FD1B99A-3660-4E98-8C2B-C3CFD2EF59FA}.Release|Any CPU.Build.0 = Release|Any CPU
	EndGlobalSection
	GlobalSection(SolutionProperties) = preSolution
		HideSolutionNode = FALSE
	EndGlobalSection
	GlobalSection(ExtensibilityGlobals) = postSolution
		SolutionGuid = {6DC1D66D-8946-47FB-9537-733A0007B5E1}
	EndGlobalSection
EndGlobal
