
Microsoft Visual Studio Solution File, Format Version 12.00
# Visual Studio Version 17
VisualStudioVersion = 17.2.32616.157
MinimumVisualStudioVersion = 10.0.40219.1
Project("{9A19103F-16F7-4668-BE54-9A1E7A4F7556}") = "quiz01", "quiz-internship\quiz01.csproj", "{1FA35117-E7D3-42B5-9259-E697849F3524}"
EndProject
Project("{9A19103F-16F7-4668-BE54-9A1E7A4F7556}") = "quiz02", "quiz2\quiz02.csproj", "{AAA437CF-A91E-4B28-BF0C-D648E8383AE5}"
EndProject
Project("{9A19103F-16F7-4668-BE54-9A1E7A4F7556}") = "quiz03", "quiz3\quiz03.csproj", "{943CD5CB-C58E-44D2-B63F-C705B1C3F2EF}"
EndProject
Project("{FAE04EC0-301F-11D3-BF4B-00C04F79EFBC}") = "quiz04", "quiz4\quiz04.csproj", "{B0B4F669-2CD5-4A67-99D7-DB55F71DDECA}"
EndProject
Project("{FAE04EC0-301F-11D3-BF4B-00C04F79EFBC}") = "quiz05", "quiz5\quiz05.csproj", "{E2A9FBB7-18E4-418E-AE4E-278549A3469B}"
EndProject
Project("{FAE04EC0-301F-11D3-BF4B-00C04F79EFBC}") = "quiz06", "quiz6\quiz06.csproj", "{72ACC5DE-98E0-4D1E-82C6-61B2EB3435A8}"
EndProject
Project("{FAE04EC0-301F-11D3-BF4B-00C04F79EFBC}") = "quiz07", "quiz7\quiz07.csproj", "{26F06369-C731-4B01-B3AA-1912D331BCD6}"
EndProject
Project("{FAE04EC0-301F-11D3-BF4B-00C04F79EFBC}") = "quiz10", "quiz10\quiz10.csproj", "{725DFAE5-5BF8-4385-92BF-FABA83CF0F6F}"
EndProject
Project("{FAE04EC0-301F-11D3-BF4B-00C04F79EFBC}") = "quiz11", "quiz11\quiz11.csproj", "{73E01451-E04F-4681-B0E8-F258D7DE6D70}"
EndProject
Project("{FAE04EC0-301F-11D3-BF4B-00C04F79EFBC}") = "quiz08", "quiz08\quiz08.csproj", "{23D2EC99-86B9-43FE-9B6A-64B137C725F2}"
EndProject
Project("{FAE04EC0-301F-11D3-BF4B-00C04F79EFBC}") = "quiz09", "quiz09\quiz09.csproj", "{3629FF72-CB40-4DFF-8851-6ECE81DE405C}"
EndProject
Global
	GlobalSection(SolutionConfigurationPlatforms) = preSolution
		Debug|Any CPU = Debug|Any CPU
		Release|Any CPU = Release|Any CPU
	EndGlobalSection
	GlobalSection(ProjectConfigurationPlatforms) = postSolution
		{1FA35117-E7D3-42B5-9259-E697849F3524}.Debug|Any CPU.ActiveCfg = Debug|Any CPU
		{1FA35117-E7D3-42B5-9259-E697849F3524}.Debug|Any CPU.Build.0 = Debug|Any CPU
		{1FA35117-E7D3-42B5-9259-E697849F3524}.Release|Any CPU.ActiveCfg = Release|Any CPU
		{1FA35117-E7D3-42B5-9259-E697849F3524}.Release|Any CPU.Build.0 = Release|Any CPU
		{AAA437CF-A91E-4B28-BF0C-D648E8383AE5}.Debug|Any CPU.ActiveCfg = Debug|Any CPU
		{AAA437CF-A91E-4B28-BF0C-D648E8383AE5}.Debug|Any CPU.Build.0 = Debug|Any CPU
		{AAA437CF-A91E-4B28-BF0C-D648E8383AE5}.Release|Any CPU.ActiveCfg = Release|Any CPU
		{AAA437CF-A91E-4B28-BF0C-D648E8383AE5}.Release|Any CPU.Build.0 = Release|Any CPU
		{943CD5CB-C58E-44D2-B63F-C705B1C3F2EF}.Debug|Any CPU.ActiveCfg = Debug|Any CPU
		{943CD5CB-C58E-44D2-B63F-C705B1C3F2EF}.Debug|Any CPU.Build.0 = Debug|Any CPU
		{943CD5CB-C58E-44D2-B63F-C705B1C3F2EF}.Release|Any CPU.ActiveCfg = Release|Any CPU
		{943CD5CB-C58E-44D2-B63F-C705B1C3F2EF}.Release|Any CPU.Build.0 = Release|Any CPU
		{B0B4F669-2CD5-4A67-99D7-DB55F71DDECA}.Debug|Any CPU.ActiveCfg = Debug|Any CPU
		{B0B4F669-2CD5-4A67-99D7-DB55F71DDECA}.Debug|Any CPU.Build.0 = Debug|Any CPU
		{B0B4F669-2CD5-4A67-99D7-DB55F71DDECA}.Release|Any CPU.ActiveCfg = Release|Any CPU
		{B0B4F669-2CD5-4A67-99D7-DB55F71DDECA}.Release|Any CPU.Build.0 = Release|Any CPU
		{E2A9FBB7-18E4-418E-AE4E-278549A3469B}.Debug|Any CPU.ActiveCfg = Debug|Any CPU
		{E2A9FBB7-18E4-418E-AE4E-278549A3469B}.Debug|Any CPU.Build.0 = Debug|Any CPU
		{E2A9FBB7-18E4-418E-AE4E-278549A3469B}.Release|Any CPU.ActiveCfg = Release|Any CPU
		{E2A9FBB7-18E4-418E-AE4E-278549A3469B}.Release|Any CPU.Build.0 = Release|Any CPU
		{72ACC5DE-98E0-4D1E-82C6-61B2EB3435A8}.Debug|Any CPU.ActiveCfg = Debug|Any CPU
		{72ACC5DE-98E0-4D1E-82C6-61B2EB3435A8}.Debug|Any CPU.Build.0 = Debug|Any CPU
		{72ACC5DE-98E0-4D1E-82C6-61B2EB3435A8}.Release|Any CPU.ActiveCfg = Release|Any CPU
		{72ACC5DE-98E0-4D1E-82C6-61B2EB3435A8}.Release|Any CPU.Build.0 = Release|Any CPU
		{26F06369-C731-4B01-B3AA-1912D331BCD6}.Debug|Any CPU.ActiveCfg = Debug|Any CPU
		{26F06369-C731-4B01-B3AA-1912D331BCD6}.Debug|Any CPU.Build.0 = Debug|Any CPU
		{26F06369-C731-4B01-B3AA-1912D331BCD6}.Release|Any CPU.ActiveCfg = Release|Any CPU
		{26F06369-C731-4B01-B3AA-1912D331BCD6}.Release|Any CPU.Build.0 = Release|Any CPU
		{725DFAE5-5BF8-4385-92BF-FABA83CF0F6F}.Debug|Any CPU.ActiveCfg = Debug|Any CPU
		{725DFAE5-5BF8-4385-92BF-FABA83CF0F6F}.Debug|Any CPU.Build.0 = Debug|Any CPU
		{725DFAE5-5BF8-4385-92BF-FABA83CF0F6F}.Release|Any CPU.ActiveCfg = Release|Any CPU
		{725DFAE5-5BF8-4385-92BF-FABA83CF0F6F}.Release|Any CPU.Build.0 = Release|Any CPU
		{73E01451-E04F-4681-B0E8-F258D7DE6D70}.Debug|Any CPU.ActiveCfg = Debug|Any CPU
		{73E01451-E04F-4681-B0E8-F258D7DE6D70}.Debug|Any CPU.Build.0 = Debug|Any CPU
		{73E01451-E04F-4681-B0E8-F258D7DE6D70}.Release|Any CPU.ActiveCfg = Release|Any CPU
		{73E01451-E04F-4681-B0E8-F258D7DE6D70}.Release|Any CPU.Build.0 = Release|Any CPU
		{23D2EC99-86B9-43FE-9B6A-64B137C725F2}.Debug|Any CPU.ActiveCfg = Debug|Any CPU
		{23D2EC99-86B9-43FE-9B6A-64B137C725F2}.Debug|Any CPU.Build.0 = Debug|Any CPU
		{23D2EC99-86B9-43FE-9B6A-64B137C725F2}.Release|Any CPU.ActiveCfg = Release|Any CPU
		{23D2EC99-86B9-43FE-9B6A-64B137C725F2}.Release|Any CPU.Build.0 = Release|Any CPU
		{3629FF72-CB40-4DFF-8851-6ECE81DE405C}.Debug|Any CPU.ActiveCfg = Debug|Any CPU
		{3629FF72-CB40-4DFF-8851-6ECE81DE405C}.Debug|Any CPU.Build.0 = Debug|Any CPU
		{3629FF72-CB40-4DFF-8851-6ECE81DE405C}.Release|Any CPU.ActiveCfg = Release|Any CPU
		{3629FF72-CB40-4DFF-8851-6ECE81DE405C}.Release|Any CPU.Build.0 = Release|Any CPU
	EndGlobalSection
	GlobalSection(SolutionProperties) = preSolution
		HideSolutionNode = FALSE
	EndGlobalSection
	GlobalSection(ExtensibilityGlobals) = postSolution
		SolutionGuid = {6DC1D66D-8946-47FB-9537-733A0007B5E1}
	EndGlobalSection
EndGlobal
